
Microsoft Visual Studio Solution File, Format Version 12.00
# Visual Studio 15
VisualStudioVersion = 15.0.28307.645
MinimumVisualStudioVersion = 10.0.40219.1
Project("{8BC9CEB8-8B4A-11D0-8D11-00A0C91BC942}") = "228", "228\228.vcxproj", "{BDF56E28-72D4-4308-8E23-2F047371A476}"
EndProject
Project("{8BC9CEB8-8B4A-11D0-8D11-00A0C91BC942}") = "62", "62\62.vcxproj", "{B22E3525-C3AA-43AB-862E-4133FA5AA5D0}"
EndProject
Project("{8BC9CEB8-8B4A-11D0-8D11-00A0C91BC942}") = "607", "607\607.vcxproj", "{FE6A048F-D940-4C6A-B5D9-0E63C384AFEB}"
EndProject
Global
	GlobalSection(SolutionConfigurationPlatforms) = preSolution
		Debug|x64 = Debug|x64
		Debug|x86 = Debug|x86
		Release|x64 = Release|x64
		Release|x86 = Release|x86
	EndGlobalSection
	GlobalSection(ProjectConfigurationPlatforms) = postSolution
		{BDF56E28-72D4-4308-8E23-2F047371A476}.Debug|x64.ActiveCfg = Debug|x64
		{BDF56E28-72D4-4308-8E23-2F047371A476}.Debug|x64.Build.0 = Debug|x64
		{BDF56E28-72D4-4308-8E23-2F047371A476}.Debug|x86.ActiveCfg = Debug|Win32
		{BDF56E28-72D4-4308-8E23-2F047371A476}.Debug|x86.Build.0 = Debug|Win32
		{BDF56E28-72D4-4308-8E23-2F047371A476}.Release|x64.ActiveCfg = Release|x64
		{BDF56E28-72D4-4308-8E23-2F047371A476}.Release|x64.Build.0 = Release|x64
		{BDF56E28-72D4-4308-8E23-2F047371A476}.Release|x86.ActiveCfg = Release|Win32
		{BDF56E28-72D4-4308-8E23-2F047371A476}.Release|x86.Build.0 = Release|Win32
		{B22E3525-C3AA-43AB-862E-4133FA5AA5D0}.Debug|x64.ActiveCfg = Debug|x64
		{B22E3525-C3AA-43AB-862E-4133FA5AA5D0}.Debug|x64.Build.0 = Debug|x64
		{B22E3525-C3AA-43AB-862E-4133FA5AA5D0}.Debug|x86.ActiveCfg = Debug|Win32
		{B22E3525-C3AA-43AB-862E-4133FA5AA5D0}.Debug|x86.Build.0 = Debug|Win32
		{B22E3525-C3AA-43AB-862E-4133FA5AA5D0}.Release|x64.ActiveCfg = Release|x64
		{B22E3525-C3AA-43AB-862E-4133FA5AA5D0}.Release|x64.Build.0 = Release|x64
		{B22E3525-C3AA-43AB-862E-4133FA5AA5D0}.Release|x86.ActiveCfg = Release|Win32
		{B22E3525-C3AA-43AB-862E-4133FA5AA5D0}.Release|x86.Build.0 = Release|Win32
		{FE6A048F-D940-4C6A-B5D9-0E63C384AFEB}.Debug|x64.ActiveCfg = Debug|x64
		{FE6A048F-D940-4C6A-B5D9-0E63C384AFEB}.Debug|x64.Build.0 = Debug|x64
		{FE6A048F-D940-4C6A-B5D9-0E63C384AFEB}.Debug|x86.ActiveCfg = Debug|Win32
		{FE6A048F-D940-4C6A-B5D9-0E63C384AFEB}.Debug|x86.Build.0 = Debug|Win32
		{FE6A048F-D940-4C6A-B5D9-0E63C384AFEB}.Release|x64.ActiveCfg = Release|x64
		{FE6A048F-D940-4C6A-B5D9-0E63C384AFEB}.Release|x64.Build.0 = Release|x64
		{FE6A048F-D940-4C6A-B5D9-0E63C384AFEB}.Release|x86.ActiveCfg = Release|Win32
		{FE6A048F-D940-4C6A-B5D9-0E63C384AFEB}.Release|x86.Build.0 = Release|Win32
	EndGlobalSection
	GlobalSection(SolutionProperties) = preSolution
		HideSolutionNode = FALSE
	EndGlobalSection
	GlobalSection(ExtensibilityGlobals) = postSolution
		SolutionGuid = {D168D504-434F-435D-95A3-18B2937C4692}
	EndGlobalSection
EndGlobal
