
Microsoft Visual Studio Solution File, Format Version 12.00
# Visual Studio 15
VisualStudioVersion = 15.0.28307.645
MinimumVisualStudioVersion = 10.0.40219.1
Project("{8BC9CEB8-8B4A-11D0-8D11-00A0C91BC942}") = "228", "228\228.vcxproj", "{BDF56E28-72D4-4308-8E23-2F047371A476}"
EndProject
Project("{8BC9CEB8-8B4A-11D0-8D11-00A0C91BC942}") = "62", "62\62.vcxproj", "{B22E3525-C3AA-43AB-862E-4133FA5AA5D0}"
EndProject
Project("{8BC9CEB8-8B4A-11D0-8D11-00A0C91BC942}") = "607", "607\607.vcxproj", "{FE6A048F-D940-4C6A-B5D9-0E63C384AFEB}"
EndProject
Project("{8BC9CEB8-8B4A-11D0-8D11-00A0C91BC942}") = "200", "200\200.vcxproj", "{D948AB07-2977-4BBF-B2D0-50746D9D1767}"
EndProject
Project("{8BC9CEB8-8B4A-11D0-8D11-00A0C91BC942}") = "539", "539\539.vcxproj", "{25CED7C8-8606-4763-9F70-CCB0F6E8BCCC}"
EndProject
Project("{8BC9CEB8-8B4A-11D0-8D11-00A0C91BC942}") = "521", "521\521.vcxproj", "{BA43FFDD-3A84-406F-8A29-8EF2B8749586}"
EndProject
Project("{8BC9CEB8-8B4A-11D0-8D11-00A0C91BC942}") = "464", "464\464.vcxproj", "{1EE95583-25F3-499C-B2BD-C52CB8F6CDA9}"
EndProject
Project("{8BC9CEB8-8B4A-11D0-8D11-00A0C91BC942}") = "433", "433\433.vcxproj", "{E03BFCA7-4A43-490F-8016-BA72696D018B}"
EndProject
Project("{8BC9CEB8-8B4A-11D0-8D11-00A0C91BC942}") = "611", "611\611.vcxproj", "{954A5A33-D7AF-46B0-BEED-73E6EBDA1232}"
EndProject
Project("{8BC9CEB8-8B4A-11D0-8D11-00A0C91BC942}") = "598", "598\598.vcxproj", "{DDF46A92-6077-4E0E-802B-2FE10FC3D8E7}"
EndProject
Project("{8BC9CEB8-8B4A-11D0-8D11-00A0C91BC942}") = "573", "573\573.vcxproj", "{A81CEC96-DA6A-4E38-AE3C-F59D76C34A95}"
EndProject
Project("{8BC9CEB8-8B4A-11D0-8D11-00A0C91BC942}") = "434", "434\434.vcxproj", "{3F1B076F-8ECF-4B3C-A0CF-61D4A9A0B07B}"
EndProject
Project("{8BC9CEB8-8B4A-11D0-8D11-00A0C91BC942}") = "178", "178\178.vcxproj", "{7FC8F45E-84E6-4AF8-BE60-986B286F198C}"
EndProject
Global
	GlobalSection(SolutionConfigurationPlatforms) = preSolution
		Debug|x64 = Debug|x64
		Debug|x86 = Debug|x86
		Release|x64 = Release|x64
		Release|x86 = Release|x86
	EndGlobalSection
	GlobalSection(ProjectConfigurationPlatforms) = postSolution
		{BDF56E28-72D4-4308-8E23-2F047371A476}.Debug|x64.ActiveCfg = Debug|x64
		{BDF56E28-72D4-4308-8E23-2F047371A476}.Debug|x64.Build.0 = Debug|x64
		{BDF56E28-72D4-4308-8E23-2F047371A476}.Debug|x86.ActiveCfg = Debug|Win32
		{BDF56E28-72D4-4308-8E23-2F047371A476}.Debug|x86.Build.0 = Debug|Win32
		{BDF56E28-72D4-4308-8E23-2F047371A476}.Release|x64.ActiveCfg = Release|x64
		{BDF56E28-72D4-4308-8E23-2F047371A476}.Release|x64.Build.0 = Release|x64
		{BDF56E28-72D4-4308-8E23-2F047371A476}.Release|x86.ActiveCfg = Release|Win32
		{BDF56E28-72D4-4308-8E23-2F047371A476}.Release|x86.Build.0 = Release|Win32
		{B22E3525-C3AA-43AB-862E-4133FA5AA5D0}.Debug|x64.ActiveCfg = Debug|x64
		{B22E3525-C3AA-43AB-862E-4133FA5AA5D0}.Debug|x64.Build.0 = Debug|x64
		{B22E3525-C3AA-43AB-862E-4133FA5AA5D0}.Debug|x86.ActiveCfg = Debug|Win32
		{B22E3525-C3AA-43AB-862E-4133FA5AA5D0}.Debug|x86.Build.0 = Debug|Win32
		{B22E3525-C3AA-43AB-862E-4133FA5AA5D0}.Release|x64.ActiveCfg = Release|x64
		{B22E3525-C3AA-43AB-862E-4133FA5AA5D0}.Release|x64.Build.0 = Release|x64
		{B22E3525-C3AA-43AB-862E-4133FA5AA5D0}.Release|x86.ActiveCfg = Release|Win32
		{B22E3525-C3AA-43AB-862E-4133FA5AA5D0}.Release|x86.Build.0 = Release|Win32
		{FE6A048F-D940-4C6A-B5D9-0E63C384AFEB}.Debug|x64.ActiveCfg = Debug|x64
		{FE6A048F-D940-4C6A-B5D9-0E63C384AFEB}.Debug|x64.Build.0 = Debug|x64
		{FE6A048F-D940-4C6A-B5D9-0E63C384AFEB}.Debug|x86.ActiveCfg = Debug|Win32
		{FE6A048F-D940-4C6A-B5D9-0E63C384AFEB}.Debug|x86.Build.0 = Debug|Win32
		{FE6A048F-D940-4C6A-B5D9-0E63C384AFEB}.Release|x64.ActiveCfg = Release|x64
		{FE6A048F-D940-4C6A-B5D9-0E63C384AFEB}.Release|x64.Build.0 = Release|x64
		{FE6A048F-D940-4C6A-B5D9-0E63C384AFEB}.Release|x86.ActiveCfg = Release|Win32
		{FE6A048F-D940-4C6A-B5D9-0E63C384AFEB}.Release|x86.Build.0 = Release|Win32
		{D948AB07-2977-4BBF-B2D0-50746D9D1767}.Debug|x64.ActiveCfg = Debug|x64
		{D948AB07-2977-4BBF-B2D0-50746D9D1767}.Debug|x64.Build.0 = Debug|x64
		{D948AB07-2977-4BBF-B2D0-50746D9D1767}.Debug|x86.ActiveCfg = Debug|Win32
		{D948AB07-2977-4BBF-B2D0-50746D9D1767}.Debug|x86.Build.0 = Debug|Win32
		{D948AB07-2977-4BBF-B2D0-50746D9D1767}.Release|x64.ActiveCfg = Release|x64
		{D948AB07-2977-4BBF-B2D0-50746D9D1767}.Release|x64.Build.0 = Release|x64
		{D948AB07-2977-4BBF-B2D0-50746D9D1767}.Release|x86.ActiveCfg = Release|Win32
		{D948AB07-2977-4BBF-B2D0-50746D9D1767}.Release|x86.Build.0 = Release|Win32
		{25CED7C8-8606-4763-9F70-CCB0F6E8BCCC}.Debug|x64.ActiveCfg = Debug|x64
		{25CED7C8-8606-4763-9F70-CCB0F6E8BCCC}.Debug|x64.Build.0 = Debug|x64
		{25CED7C8-8606-4763-9F70-CCB0F6E8BCCC}.Debug|x86.ActiveCfg = Debug|Win32
		{25CED7C8-8606-4763-9F70-CCB0F6E8BCCC}.Debug|x86.Build.0 = Debug|Win32
		{25CED7C8-8606-4763-9F70-CCB0F6E8BCCC}.Release|x64.ActiveCfg = Release|x64
		{25CED7C8-8606-4763-9F70-CCB0F6E8BCCC}.Release|x64.Build.0 = Release|x64
		{25CED7C8-8606-4763-9F70-CCB0F6E8BCCC}.Release|x86.ActiveCfg = Release|Win32
		{25CED7C8-8606-4763-9F70-CCB0F6E8BCCC}.Release|x86.Build.0 = Release|Win32
		{BA43FFDD-3A84-406F-8A29-8EF2B8749586}.Debug|x64.ActiveCfg = Debug|x64
		{BA43FFDD-3A84-406F-8A29-8EF2B8749586}.Debug|x64.Build.0 = Debug|x64
		{BA43FFDD-3A84-406F-8A29-8EF2B8749586}.Debug|x86.ActiveCfg = Debug|Win32
		{BA43FFDD-3A84-406F-8A29-8EF2B8749586}.Debug|x86.Build.0 = Debug|Win32
		{BA43FFDD-3A84-406F-8A29-8EF2B8749586}.Release|x64.ActiveCfg = Release|x64
		{BA43FFDD-3A84-406F-8A29-8EF2B8749586}.Release|x64.Build.0 = Release|x64
		{BA43FFDD-3A84-406F-8A29-8EF2B8749586}.Release|x86.ActiveCfg = Release|Win32
		{BA43FFDD-3A84-406F-8A29-8EF2B8749586}.Release|x86.Build.0 = Release|Win32
		{1EE95583-25F3-499C-B2BD-C52CB8F6CDA9}.Debug|x64.ActiveCfg = Debug|x64
		{1EE95583-25F3-499C-B2BD-C52CB8F6CDA9}.Debug|x64.Build.0 = Debug|x64
		{1EE95583-25F3-499C-B2BD-C52CB8F6CDA9}.Debug|x86.ActiveCfg = Debug|Win32
		{1EE95583-25F3-499C-B2BD-C52CB8F6CDA9}.Debug|x86.Build.0 = Debug|Win32
		{1EE95583-25F3-499C-B2BD-C52CB8F6CDA9}.Release|x64.ActiveCfg = Release|x64
		{1EE95583-25F3-499C-B2BD-C52CB8F6CDA9}.Release|x64.Build.0 = Release|x64
		{1EE95583-25F3-499C-B2BD-C52CB8F6CDA9}.Release|x86.ActiveCfg = Release|Win32
		{1EE95583-25F3-499C-B2BD-C52CB8F6CDA9}.Release|x86.Build.0 = Release|Win32
		{E03BFCA7-4A43-490F-8016-BA72696D018B}.Debug|x64.ActiveCfg = Debug|x64
		{E03BFCA7-4A43-490F-8016-BA72696D018B}.Debug|x64.Build.0 = Debug|x64
		{E03BFCA7-4A43-490F-8016-BA72696D018B}.Debug|x86.ActiveCfg = Debug|Win32
		{E03BFCA7-4A43-490F-8016-BA72696D018B}.Debug|x86.Build.0 = Debug|Win32
		{E03BFCA7-4A43-490F-8016-BA72696D018B}.Release|x64.ActiveCfg = Release|x64
		{E03BFCA7-4A43-490F-8016-BA72696D018B}.Release|x64.Build.0 = Release|x64
		{E03BFCA7-4A43-490F-8016-BA72696D018B}.Release|x86.ActiveCfg = Release|Win32
		{E03BFCA7-4A43-490F-8016-BA72696D018B}.Release|x86.Build.0 = Release|Win32
		{954A5A33-D7AF-46B0-BEED-73E6EBDA1232}.Debug|x64.ActiveCfg = Debug|x64
		{954A5A33-D7AF-46B0-BEED-73E6EBDA1232}.Debug|x64.Build.0 = Debug|x64
		{954A5A33-D7AF-46B0-BEED-73E6EBDA1232}.Debug|x86.ActiveCfg = Debug|Win32
		{954A5A33-D7AF-46B0-BEED-73E6EBDA1232}.Debug|x86.Build.0 = Debug|Win32
		{954A5A33-D7AF-46B0-BEED-73E6EBDA1232}.Release|x64.ActiveCfg = Release|x64
		{954A5A33-D7AF-46B0-BEED-73E6EBDA1232}.Release|x64.Build.0 = Release|x64
		{954A5A33-D7AF-46B0-BEED-73E6EBDA1232}.Release|x86.ActiveCfg = Release|Win32
		{954A5A33-D7AF-46B0-BEED-73E6EBDA1232}.Release|x86.Build.0 = Release|Win32
		{DDF46A92-6077-4E0E-802B-2FE10FC3D8E7}.Debug|x64.ActiveCfg = Debug|x64
		{DDF46A92-6077-4E0E-802B-2FE10FC3D8E7}.Debug|x64.Build.0 = Debug|x64
		{DDF46A92-6077-4E0E-802B-2FE10FC3D8E7}.Debug|x86.ActiveCfg = Debug|Win32
		{DDF46A92-6077-4E0E-802B-2FE10FC3D8E7}.Debug|x86.Build.0 = Debug|Win32
		{DDF46A92-6077-4E0E-802B-2FE10FC3D8E7}.Release|x64.ActiveCfg = Release|x64
		{DDF46A92-6077-4E0E-802B-2FE10FC3D8E7}.Release|x64.Build.0 = Release|x64
		{DDF46A92-6077-4E0E-802B-2FE10FC3D8E7}.Release|x86.ActiveCfg = Release|Win32
		{DDF46A92-6077-4E0E-802B-2FE10FC3D8E7}.Release|x86.Build.0 = Release|Win32
		{A81CEC96-DA6A-4E38-AE3C-F59D76C34A95}.Debug|x64.ActiveCfg = Debug|x64
		{A81CEC96-DA6A-4E38-AE3C-F59D76C34A95}.Debug|x64.Build.0 = Debug|x64
		{A81CEC96-DA6A-4E38-AE3C-F59D76C34A95}.Debug|x86.ActiveCfg = Debug|Win32
		{A81CEC96-DA6A-4E38-AE3C-F59D76C34A95}.Debug|x86.Build.0 = Debug|Win32
		{A81CEC96-DA6A-4E38-AE3C-F59D76C34A95}.Release|x64.ActiveCfg = Release|x64
		{A81CEC96-DA6A-4E38-AE3C-F59D76C34A95}.Release|x64.Build.0 = Release|x64
		{A81CEC96-DA6A-4E38-AE3C-F59D76C34A95}.Release|x86.ActiveCfg = Release|Win32
		{A81CEC96-DA6A-4E38-AE3C-F59D76C34A95}.Release|x86.Build.0 = Release|Win32
		{3F1B076F-8ECF-4B3C-A0CF-61D4A9A0B07B}.Debug|x64.ActiveCfg = Debug|x64
		{3F1B076F-8ECF-4B3C-A0CF-61D4A9A0B07B}.Debug|x64.Build.0 = Debug|x64
		{3F1B076F-8ECF-4B3C-A0CF-61D4A9A0B07B}.Debug|x86.ActiveCfg = Debug|Win32
		{3F1B076F-8ECF-4B3C-A0CF-61D4A9A0B07B}.Debug|x86.Build.0 = Debug|Win32
		{3F1B076F-8ECF-4B3C-A0CF-61D4A9A0B07B}.Release|x64.ActiveCfg = Release|x64
		{3F1B076F-8ECF-4B3C-A0CF-61D4A9A0B07B}.Release|x64.Build.0 = Release|x64
		{3F1B076F-8ECF-4B3C-A0CF-61D4A9A0B07B}.Release|x86.ActiveCfg = Release|Win32
		{3F1B076F-8ECF-4B3C-A0CF-61D4A9A0B07B}.Release|x86.Build.0 = Release|Win32
		{7FC8F45E-84E6-4AF8-BE60-986B286F198C}.Debug|x64.ActiveCfg = Debug|x64
		{7FC8F45E-84E6-4AF8-BE60-986B286F198C}.Debug|x64.Build.0 = Debug|x64
		{7FC8F45E-84E6-4AF8-BE60-986B286F198C}.Debug|x86.ActiveCfg = Debug|Win32
		{7FC8F45E-84E6-4AF8-BE60-986B286F198C}.Debug|x86.Build.0 = Debug|Win32
		{7FC8F45E-84E6-4AF8-BE60-986B286F198C}.Release|x64.ActiveCfg = Release|x64
		{7FC8F45E-84E6-4AF8-BE60-986B286F198C}.Release|x64.Build.0 = Release|x64
		{7FC8F45E-84E6-4AF8-BE60-986B286F198C}.Release|x86.ActiveCfg = Release|Win32
		{7FC8F45E-84E6-4AF8-BE60-986B286F198C}.Release|x86.Build.0 = Release|Win32
	EndGlobalSection
	GlobalSection(SolutionProperties) = preSolution
		HideSolutionNode = FALSE
	EndGlobalSection
	GlobalSection(ExtensibilityGlobals) = postSolution
		SolutionGuid = {D168D504-434F-435D-95A3-18B2937C4692}
	EndGlobalSection
EndGlobal
